
Microsoft Visual Studio Solution File, Format Version 12.00
# Visual Studio Version 16
VisualStudioVersion = 16.0.30517.126
MinimumVisualStudioVersion = 10.0.40219.1
Project("{FAE04EC0-301F-11D3-BF4B-00C04F79EFBC}") = "root-rakendus Week13-test", "root-rakendus Week13-test\root-rakendus Week13-test.csproj", "{85AC588D-9F8C-40E6-864E-485C63D1986C}"
EndProject
Project("{FAE04EC0-301F-11D3-BF4B-00C04F79EFBC}") = "ylesanne2", "ylesanne 2\ylesanne2.csproj", "{9F04F87E-8529-423C-898A-AB2FAD1DC5B2}"
EndProject
Project("{FAE04EC0-301F-11D3-BF4B-00C04F79EFBC}") = "ylesanne3", "ylesanne3\ylesanne3.csproj", "{9FF83470-31DC-441C-B049-D57FFD1AEB4E}"
EndProject
Project("{FAE04EC0-301F-11D3-BF4B-00C04F79EFBC}") = "Ylesanne4", "Ylesanne4\Ylesanne4.csproj", "{EDE2AB54-301C-4B97-B78E-EA5EF0CF79C7}"
EndProject
Project("{FAE04EC0-301F-11D3-BF4B-00C04F79EFBC}") = "Ylesanne5", "Ylesanne5\Ylesanne5.csproj", "{E37E2B5A-4261-47DA-BA80-FCA5031E52A5}"
EndProject
Global
	GlobalSection(SolutionConfigurationPlatforms) = preSolution
		Debug|Any CPU = Debug|Any CPU
		Release|Any CPU = Release|Any CPU
	EndGlobalSection
	GlobalSection(ProjectConfigurationPlatforms) = postSolution
		{85AC588D-9F8C-40E6-864E-485C63D1986C}.Debug|Any CPU.ActiveCfg = Debug|Any CPU
		{85AC588D-9F8C-40E6-864E-485C63D1986C}.Debug|Any CPU.Build.0 = Debug|Any CPU
		{85AC588D-9F8C-40E6-864E-485C63D1986C}.Release|Any CPU.ActiveCfg = Release|Any CPU
		{85AC588D-9F8C-40E6-864E-485C63D1986C}.Release|Any CPU.Build.0 = Release|Any CPU
		{9F04F87E-8529-423C-898A-AB2FAD1DC5B2}.Debug|Any CPU.ActiveCfg = Debug|Any CPU
		{9F04F87E-8529-423C-898A-AB2FAD1DC5B2}.Debug|Any CPU.Build.0 = Debug|Any CPU
		{9F04F87E-8529-423C-898A-AB2FAD1DC5B2}.Release|Any CPU.ActiveCfg = Release|Any CPU
		{9F04F87E-8529-423C-898A-AB2FAD1DC5B2}.Release|Any CPU.Build.0 = Release|Any CPU
		{9FF83470-31DC-441C-B049-D57FFD1AEB4E}.Debug|Any CPU.ActiveCfg = Debug|Any CPU
		{9FF83470-31DC-441C-B049-D57FFD1AEB4E}.Debug|Any CPU.Build.0 = Debug|Any CPU
		{9FF83470-31DC-441C-B049-D57FFD1AEB4E}.Release|Any CPU.ActiveCfg = Release|Any CPU
		{9FF83470-31DC-441C-B049-D57FFD1AEB4E}.Release|Any CPU.Build.0 = Release|Any CPU
		{EDE2AB54-301C-4B97-B78E-EA5EF0CF79C7}.Debug|Any CPU.ActiveCfg = Debug|Any CPU
		{EDE2AB54-301C-4B97-B78E-EA5EF0CF79C7}.Debug|Any CPU.Build.0 = Debug|Any CPU
		{EDE2AB54-301C-4B97-B78E-EA5EF0CF79C7}.Release|Any CPU.ActiveCfg = Release|Any CPU
		{EDE2AB54-301C-4B97-B78E-EA5EF0CF79C7}.Release|Any CPU.Build.0 = Release|Any CPU
		{E37E2B5A-4261-47DA-BA80-FCA5031E52A5}.Debug|Any CPU.ActiveCfg = Debug|Any CPU
		{E37E2B5A-4261-47DA-BA80-FCA5031E52A5}.Debug|Any CPU.Build.0 = Debug|Any CPU
		{E37E2B5A-4261-47DA-BA80-FCA5031E52A5}.Release|Any CPU.ActiveCfg = Release|Any CPU
		{E37E2B5A-4261-47DA-BA80-FCA5031E52A5}.Release|Any CPU.Build.0 = Release|Any CPU
	EndGlobalSection
	GlobalSection(SolutionProperties) = preSolution
		HideSolutionNode = FALSE
	EndGlobalSection
	GlobalSection(ExtensibilityGlobals) = postSolution
		SolutionGuid = {8DCD1F4F-8E42-4692-8349-F2F055A15D03}
	EndGlobalSection
EndGlobal
